
Microsoft Visual Studio Solution File, Format Version 12.00
# Visual Studio Version 17
VisualStudioVersion = 17.0.31903.59
MinimumVisualStudioVersion = 10.0.40219.1
Project("{2150E333-8FDC-42A3-9474-1A3956D46DE8}") = "src", "src", "{5688F37F-3548-4C3D-8A83-1CF9791A4D26}"
EndProject
Project("{2150E333-8FDC-42A3-9474-1A3956D46DE8}") = "CQRS-ES", "CQRS-ES", "{830017A9-367E-4B51-BF65-4C6585C3DDFD}"
EndProject
Project("{2150E333-8FDC-42A3-9474-1A3956D46DE8}") = "SM-Post", "SM-Post", "{D335545B-A31D-4B19-9DC2-914E3100CDC5}"
EndProject
Project("{9A19103F-16F7-4668-BE54-9A1E7A4F7556}") = "CQRS.Core", "src\CQRS-ES\CQRS.Core\CQRS.Core.csproj", "{DC57837F-E477-4021-8BBB-57C903887EBB}"
EndProject
Project("{2150E333-8FDC-42A3-9474-1A3956D46DE8}") = "Itens de Solução", "Itens de Solução", "{CE1F1338-8D26-4A09-ACF1-6ACD51BEB6A9}"
	ProjectSection(SolutionItems) = preProject
		docker-compose.yml = docker-compose.yml
	EndProjectSection
EndProject
Project("{2150E333-8FDC-42A3-9474-1A3956D46DE8}") = "Post.Cmd", "Post.Cmd", "{78F9534B-9DE0-4AC8-A9F9-39ABFEE27956}"
EndProject
Project("{9A19103F-16F7-4668-BE54-9A1E7A4F7556}") = "Post.Cmd.Api", "src\SM-Post\Post.Cmd\Post.Cmd.Api\Post.Cmd.Api.csproj", "{97335A57-FD46-41FF-A721-5AF2E9502A12}"
EndProject
Project("{9A19103F-16F7-4668-BE54-9A1E7A4F7556}") = "Post.Cmd.Domain", "src\SM-Post\Post.Cmd\Post.Cmd.Domain\Post.Cmd.Domain.csproj", "{C1817BAC-DE74-4706-A02A-560F74938247}"
EndProject
Project("{2150E333-8FDC-42A3-9474-1A3956D46DE8}") = "Post.Query", "Post.Query", "{293C9676-C15E-41A1-920A-7728466281F6}"
EndProject
Project("{9A19103F-16F7-4668-BE54-9A1E7A4F7556}") = "Post.Cmd.Infrastructure", "src\SM-Post\Post.Cmd\Post.Cmd.Infrastructure\Post.Cmd.Infrastructure.csproj", "{3870EC9C-54FB-4842-87CC-07FB17FC3BE8}"
EndProject
Project("{9A19103F-16F7-4668-BE54-9A1E7A4F7556}") = "Post.Query.Api", "src\SM-Post\Post.Query\Post.Query.Api\Post.Query.Api.csproj", "{72412B0C-5E22-47B9-85F2-23C093C8508A}"
EndProject
Project("{9A19103F-16F7-4668-BE54-9A1E7A4F7556}") = "Post.Query.Domain", "src\SM-Post\Post.Query\Post.Query.Domain\Post.Query.Domain.csproj", "{91554661-6940-423F-9827-2B53A666EE49}"
EndProject
Project("{9A19103F-16F7-4668-BE54-9A1E7A4F7556}") = "Post.Query.Infrastructure", "src\SM-Post\Post.Query\Post.Query.Infrasctructure\Post.Query.Infrastructure.csproj", "{21CACD61-1C04-4C46-ADA0-308C5EE3B2D5}"
EndProject
Project("{2150E333-8FDC-42A3-9474-1A3956D46DE8}") = "Post.Common", "Post.Common", "{7AD51144-08CA-4CB6-B3F5-E181979DD9CA}"
EndProject
Project("{9A19103F-16F7-4668-BE54-9A1E7A4F7556}") = "Post.Common", "src\SM-Post\Post.Common\Post.Common\Post.Common.csproj", "{336A802E-5F37-4B59-A702-CCC6443A5EE0}"
EndProject
Project("{2150E333-8FDC-42A3-9474-1A3956D46DE8}") = "resources", "resources", "{B01E3436-31E1-4896-B69F-928E7B7DF0B9}"
EndProject
Global
	GlobalSection(SolutionConfigurationPlatforms) = preSolution
		Debug|Any CPU = Debug|Any CPU
		Release|Any CPU = Release|Any CPU
	EndGlobalSection
	GlobalSection(ProjectConfigurationPlatforms) = postSolution
		{DC57837F-E477-4021-8BBB-57C903887EBB}.Debug|Any CPU.ActiveCfg = Debug|Any CPU
		{DC57837F-E477-4021-8BBB-57C903887EBB}.Debug|Any CPU.Build.0 = Debug|Any CPU
		{DC57837F-E477-4021-8BBB-57C903887EBB}.Release|Any CPU.ActiveCfg = Release|Any CPU
		{DC57837F-E477-4021-8BBB-57C903887EBB}.Release|Any CPU.Build.0 = Release|Any CPU
		{97335A57-FD46-41FF-A721-5AF2E9502A12}.Debug|Any CPU.ActiveCfg = Debug|Any CPU
		{97335A57-FD46-41FF-A721-5AF2E9502A12}.Debug|Any CPU.Build.0 = Debug|Any CPU
		{97335A57-FD46-41FF-A721-5AF2E9502A12}.Release|Any CPU.ActiveCfg = Release|Any CPU
		{97335A57-FD46-41FF-A721-5AF2E9502A12}.Release|Any CPU.Build.0 = Release|Any CPU
		{C1817BAC-DE74-4706-A02A-560F74938247}.Debug|Any CPU.ActiveCfg = Debug|Any CPU
		{C1817BAC-DE74-4706-A02A-560F74938247}.Debug|Any CPU.Build.0 = Debug|Any CPU
		{C1817BAC-DE74-4706-A02A-560F74938247}.Release|Any CPU.ActiveCfg = Release|Any CPU
		{C1817BAC-DE74-4706-A02A-560F74938247}.Release|Any CPU.Build.0 = Release|Any CPU
		{3870EC9C-54FB-4842-87CC-07FB17FC3BE8}.Debug|Any CPU.ActiveCfg = Debug|Any CPU
		{3870EC9C-54FB-4842-87CC-07FB17FC3BE8}.Debug|Any CPU.Build.0 = Debug|Any CPU
		{3870EC9C-54FB-4842-87CC-07FB17FC3BE8}.Release|Any CPU.ActiveCfg = Release|Any CPU
		{3870EC9C-54FB-4842-87CC-07FB17FC3BE8}.Release|Any CPU.Build.0 = Release|Any CPU
		{72412B0C-5E22-47B9-85F2-23C093C8508A}.Debug|Any CPU.ActiveCfg = Debug|Any CPU
		{72412B0C-5E22-47B9-85F2-23C093C8508A}.Debug|Any CPU.Build.0 = Debug|Any CPU
		{72412B0C-5E22-47B9-85F2-23C093C8508A}.Release|Any CPU.ActiveCfg = Release|Any CPU
		{72412B0C-5E22-47B9-85F2-23C093C8508A}.Release|Any CPU.Build.0 = Release|Any CPU
		{91554661-6940-423F-9827-2B53A666EE49}.Debug|Any CPU.ActiveCfg = Debug|Any CPU
		{91554661-6940-423F-9827-2B53A666EE49}.Debug|Any CPU.Build.0 = Debug|Any CPU
		{91554661-6940-423F-9827-2B53A666EE49}.Release|Any CPU.ActiveCfg = Release|Any CPU
		{91554661-6940-423F-9827-2B53A666EE49}.Release|Any CPU.Build.0 = Release|Any CPU
		{21CACD61-1C04-4C46-ADA0-308C5EE3B2D5}.Debug|Any CPU.ActiveCfg = Debug|Any CPU
		{21CACD61-1C04-4C46-ADA0-308C5EE3B2D5}.Debug|Any CPU.Build.0 = Debug|Any CPU
		{21CACD61-1C04-4C46-ADA0-308C5EE3B2D5}.Release|Any CPU.ActiveCfg = Release|Any CPU
		{21CACD61-1C04-4C46-ADA0-308C5EE3B2D5}.Release|Any CPU.Build.0 = Release|Any CPU
		{336A802E-5F37-4B59-A702-CCC6443A5EE0}.Debug|Any CPU.ActiveCfg = Debug|Any CPU
		{336A802E-5F37-4B59-A702-CCC6443A5EE0}.Debug|Any CPU.Build.0 = Debug|Any CPU
		{336A802E-5F37-4B59-A702-CCC6443A5EE0}.Release|Any CPU.ActiveCfg = Release|Any CPU
		{336A802E-5F37-4B59-A702-CCC6443A5EE0}.Release|Any CPU.Build.0 = Release|Any CPU
	EndGlobalSection
	GlobalSection(SolutionProperties) = preSolution
		HideSolutionNode = FALSE
	EndGlobalSection
	GlobalSection(NestedProjects) = preSolution
		{830017A9-367E-4B51-BF65-4C6585C3DDFD} = {5688F37F-3548-4C3D-8A83-1CF9791A4D26}
		{D335545B-A31D-4B19-9DC2-914E3100CDC5} = {5688F37F-3548-4C3D-8A83-1CF9791A4D26}
		{DC57837F-E477-4021-8BBB-57C903887EBB} = {830017A9-367E-4B51-BF65-4C6585C3DDFD}
		{78F9534B-9DE0-4AC8-A9F9-39ABFEE27956} = {D335545B-A31D-4B19-9DC2-914E3100CDC5}
		{97335A57-FD46-41FF-A721-5AF2E9502A12} = {78F9534B-9DE0-4AC8-A9F9-39ABFEE27956}
		{C1817BAC-DE74-4706-A02A-560F74938247} = {78F9534B-9DE0-4AC8-A9F9-39ABFEE27956}
		{293C9676-C15E-41A1-920A-7728466281F6} = {D335545B-A31D-4B19-9DC2-914E3100CDC5}
		{3870EC9C-54FB-4842-87CC-07FB17FC3BE8} = {78F9534B-9DE0-4AC8-A9F9-39ABFEE27956}
		{72412B0C-5E22-47B9-85F2-23C093C8508A} = {293C9676-C15E-41A1-920A-7728466281F6}
		{91554661-6940-423F-9827-2B53A666EE49} = {293C9676-C15E-41A1-920A-7728466281F6}
		{21CACD61-1C04-4C46-ADA0-308C5EE3B2D5} = {293C9676-C15E-41A1-920A-7728466281F6}
		{7AD51144-08CA-4CB6-B3F5-E181979DD9CA} = {D335545B-A31D-4B19-9DC2-914E3100CDC5}
		{336A802E-5F37-4B59-A702-CCC6443A5EE0} = {7AD51144-08CA-4CB6-B3F5-E181979DD9CA}
	EndGlobalSection
	GlobalSection(ExtensibilityGlobals) = postSolution
		SolutionGuid = {3646B38D-E846-4ACE-9C87-A7BC1BAFBF88}
	EndGlobalSection
EndGlobal
